
Microsoft Visual Studio Solution File, Format Version 12.00
# Visual Studio Version 16
VisualStudioVersion = 16.0.29613.14
MinimumVisualStudioVersion = 10.0.40219.1
Project("{FAE04EC0-301F-11D3-BF4B-00C04F79EFBC}") = "WebApplication4", "WebApplication4\WebApplication4.csproj", "{E8C9CBDE-F987-40E0-8BDD-BC7ACB2B0E24}"
EndProject
Global
	GlobalSection(SolutionConfigurationPlatforms) = preSolution
		Debug|Any CPU = Debug|Any CPU
		Release|Any CPU = Release|Any CPU
	EndGlobalSection
	GlobalSection(ProjectConfigurationPlatforms) = postSolution
		{E8C9CBDE-F987-40E0-8BDD-BC7ACB2B0E24}.Debug|Any CPU.ActiveCfg = Debug|Any CPU
		{E8C9CBDE-F987-40E0-8BDD-BC7ACB2B0E24}.Debug|Any CPU.Build.0 = Debug|Any CPU
		{E8C9CBDE-F987-40E0-8BDD-BC7ACB2B0E24}.Release|Any CPU.ActiveCfg = Release|Any CPU
		{E8C9CBDE-F987-40E0-8BDD-BC7ACB2B0E24}.Release|Any CPU.Build.0 = Release|Any CPU
	EndGlobalSection
	GlobalSection(SolutionProperties) = preSolution
		HideSolutionNode = FALSE
	EndGlobalSection
	GlobalSection(ExtensibilityGlobals) = postSolution
		SolutionGuid = {014EBD9B-F092-4C15-B932-EA2037FBEC51}
	EndGlobalSection
EndGlobal
